
Microsoft Visual Studio Solution File, Format Version 12.00
# Visual Studio Version 16
VisualStudioVersion = 16.0.30907.101
MinimumVisualStudioVersion = 10.0.40219.1
Project("{FAE04EC0-301F-11D3-BF4B-00C04F79EFBC}") = "Singleton", "Singleton\Singleton.csproj", "{BC829FF6-ECDA-4869-BDFB-C8D833CFB8EF}"
EndProject
Project("{FAE04EC0-301F-11D3-BF4B-00C04F79EFBC}") = "FactoryMethod", "FactoryMethod\FactoryMethod.csproj", "{ADCCB61F-2E66-43BC-BF47-B83451B45727}"
EndProject
Project("{FAE04EC0-301F-11D3-BF4B-00C04F79EFBC}") = "AbstractFactory", "AbstractFactory\AbstractFactory.csproj", "{5A120125-AAEB-4A62-A301-523CA5D23CD5}"
EndProject
Global
	GlobalSection(SolutionConfigurationPlatforms) = preSolution
		Debug|Any CPU = Debug|Any CPU
		Release|Any CPU = Release|Any CPU
	EndGlobalSection
	GlobalSection(ProjectConfigurationPlatforms) = postSolution
		{BC829FF6-ECDA-4869-BDFB-C8D833CFB8EF}.Debug|Any CPU.ActiveCfg = Debug|Any CPU
		{BC829FF6-ECDA-4869-BDFB-C8D833CFB8EF}.Debug|Any CPU.Build.0 = Debug|Any CPU
		{BC829FF6-ECDA-4869-BDFB-C8D833CFB8EF}.Release|Any CPU.ActiveCfg = Release|Any CPU
		{BC829FF6-ECDA-4869-BDFB-C8D833CFB8EF}.Release|Any CPU.Build.0 = Release|Any CPU
		{ADCCB61F-2E66-43BC-BF47-B83451B45727}.Debug|Any CPU.ActiveCfg = Debug|Any CPU
		{ADCCB61F-2E66-43BC-BF47-B83451B45727}.Debug|Any CPU.Build.0 = Debug|Any CPU
		{ADCCB61F-2E66-43BC-BF47-B83451B45727}.Release|Any CPU.ActiveCfg = Release|Any CPU
		{ADCCB61F-2E66-43BC-BF47-B83451B45727}.Release|Any CPU.Build.0 = Release|Any CPU
		{5A120125-AAEB-4A62-A301-523CA5D23CD5}.Debug|Any CPU.ActiveCfg = Debug|Any CPU
		{5A120125-AAEB-4A62-A301-523CA5D23CD5}.Debug|Any CPU.Build.0 = Debug|Any CPU
		{5A120125-AAEB-4A62-A301-523CA5D23CD5}.Release|Any CPU.ActiveCfg = Release|Any CPU
		{5A120125-AAEB-4A62-A301-523CA5D23CD5}.Release|Any CPU.Build.0 = Release|Any CPU
	EndGlobalSection
	GlobalSection(SolutionProperties) = preSolution
		HideSolutionNode = FALSE
	EndGlobalSection
	GlobalSection(ExtensibilityGlobals) = postSolution
		SolutionGuid = {0D9B8BEF-ECE7-474E-BB9F-B0074F0376B4}
	EndGlobalSection
EndGlobal
