
Microsoft Visual Studio Solution File, Format Version 12.00
# Visual Studio Version 16
VisualStudioVersion = 16.0.30907.101
MinimumVisualStudioVersion = 10.0.40219.1
Project("{9A19103F-16F7-4668-BE54-9A1E7A4F7556}") = "Singleton", "Singleton\Singleton.csproj", "{BC829FF6-ECDA-4869-BDFB-C8D833CFB8EF}"
EndProject
Project("{9A19103F-16F7-4668-BE54-9A1E7A4F7556}") = "FactoryMethod", "FactoryMethod\FactoryMethod.csproj", "{ADCCB61F-2E66-43BC-BF47-B83451B45727}"
EndProject
Project("{9A19103F-16F7-4668-BE54-9A1E7A4F7556}") = "AbstractFactory", "AbstractFactory\AbstractFactory.csproj", "{5A120125-AAEB-4A62-A301-523CA5D23CD5}"
EndProject
Project("{9A19103F-16F7-4668-BE54-9A1E7A4F7556}") = "Prototype", "Prototype\Prototype.csproj", "{A6DE323F-6804-4962-ADFE-A1725B8154FC}"
EndProject
Project("{9A19103F-16F7-4668-BE54-9A1E7A4F7556}") = "Builder", "Builder\Builder.csproj", "{5840902E-5409-476E-B981-3016CBDDDE2E}"
EndProject
Project("{9A19103F-16F7-4668-BE54-9A1E7A4F7556}") = "Facade", "Facade\Facade.csproj", "{4F8307D3-9687-4853-A2DD-B47100EE14FA}"
EndProject
Project("{9A19103F-16F7-4668-BE54-9A1E7A4F7556}") = "Adapter", "Adapter\Adapter.csproj", "{2BD42B8F-E097-4222-BEF0-13F6B415FDEA}"
EndProject
Project("{9A19103F-16F7-4668-BE54-9A1E7A4F7556}") = "Composite", "Composite\Composite.csproj", "{AD08E709-B977-49CF-811F-5C8CBA35819E}"
EndProject
Project("{9A19103F-16F7-4668-BE54-9A1E7A4F7556}") = "Proxy", "Proxy\Proxy.csproj", "{5529BAF6-DD0E-46CE-A226-846F2B0EF897}"
EndProject
Project("{9A19103F-16F7-4668-BE54-9A1E7A4F7556}") = "Decorator", "Decorator\Decorator.csproj", "{09921E55-BE29-448D-B21B-F29B8E2CBB8E}"
EndProject
Project("{9A19103F-16F7-4668-BE54-9A1E7A4F7556}") = "Bridge", "Bridge\Bridge.csproj", "{3D829CF4-5601-4442-A955-F1540A3CE7FE}"
EndProject
Project("{9A19103F-16F7-4668-BE54-9A1E7A4F7556}") = "Strategy", "Strategy\Strategy.csproj", "{1CA80FC7-EB87-4742-ABCA-21CB052943FC}"
EndProject
Project("{9A19103F-16F7-4668-BE54-9A1E7A4F7556}") = "Observe", "Observe\Observe.csproj", "{FE3E6252-62CE-4AA8-A83A-56E8BE5D6B18}"
EndProject
Project("{9A19103F-16F7-4668-BE54-9A1E7A4F7556}") = "ChainOfResponsibility", "ChainOfResponsibility\ChainOfResponsibility.csproj", "{92F359B9-3A75-4522-B891-D0BF85BAC33A}"
EndProject
Project("{9A19103F-16F7-4668-BE54-9A1E7A4F7556}") = "Memento", "Memento\Memento.csproj", "{1864C049-F152-4AE4-8104-8236B8BACA30}"
EndProject
Project("{9A19103F-16F7-4668-BE54-9A1E7A4F7556}") = "TemplateMethod", "TemplateMethod\TemplateMethod.csproj", "{E913710C-D54D-4D6F-A258-BCDF7E591CD8}"
EndProject
Project("{9A19103F-16F7-4668-BE54-9A1E7A4F7556}") = "State", "State\State.csproj", "{C527E060-E790-49CF-BAD1-AD5A2DB2E61D}"
EndProject
Project("{9A19103F-16F7-4668-BE54-9A1E7A4F7556}") = "Mediator", "Mediator\Mediator.csproj", "{F845D1D6-FCC0-492B-B6D2-DDFE4B814BB7}"
EndProject
Project("{FAE04EC0-301F-11D3-BF4B-00C04F79EFBC}") = "Command", "Command\Command.csproj", "{37FCE30C-72EC-4D89-B9C8-E9B50713A6DF}"
EndProject
Project("{FAE04EC0-301F-11D3-BF4B-00C04F79EFBC}") = "Visitor", "Visitor\Visitor.csproj", "{016CB3B4-E5F8-49BA-9230-E82B2994105E}"
EndProject
Global
	GlobalSection(SolutionConfigurationPlatforms) = preSolution
		Debug|Any CPU = Debug|Any CPU
		Release|Any CPU = Release|Any CPU
	EndGlobalSection
	GlobalSection(ProjectConfigurationPlatforms) = postSolution
		{BC829FF6-ECDA-4869-BDFB-C8D833CFB8EF}.Debug|Any CPU.ActiveCfg = Debug|Any CPU
		{BC829FF6-ECDA-4869-BDFB-C8D833CFB8EF}.Debug|Any CPU.Build.0 = Debug|Any CPU
		{BC829FF6-ECDA-4869-BDFB-C8D833CFB8EF}.Release|Any CPU.ActiveCfg = Release|Any CPU
		{BC829FF6-ECDA-4869-BDFB-C8D833CFB8EF}.Release|Any CPU.Build.0 = Release|Any CPU
		{ADCCB61F-2E66-43BC-BF47-B83451B45727}.Debug|Any CPU.ActiveCfg = Debug|Any CPU
		{ADCCB61F-2E66-43BC-BF47-B83451B45727}.Debug|Any CPU.Build.0 = Debug|Any CPU
		{ADCCB61F-2E66-43BC-BF47-B83451B45727}.Release|Any CPU.ActiveCfg = Release|Any CPU
		{ADCCB61F-2E66-43BC-BF47-B83451B45727}.Release|Any CPU.Build.0 = Release|Any CPU
		{5A120125-AAEB-4A62-A301-523CA5D23CD5}.Debug|Any CPU.ActiveCfg = Debug|Any CPU
		{5A120125-AAEB-4A62-A301-523CA5D23CD5}.Debug|Any CPU.Build.0 = Debug|Any CPU
		{5A120125-AAEB-4A62-A301-523CA5D23CD5}.Release|Any CPU.ActiveCfg = Release|Any CPU
		{5A120125-AAEB-4A62-A301-523CA5D23CD5}.Release|Any CPU.Build.0 = Release|Any CPU
		{A6DE323F-6804-4962-ADFE-A1725B8154FC}.Debug|Any CPU.ActiveCfg = Debug|Any CPU
		{A6DE323F-6804-4962-ADFE-A1725B8154FC}.Debug|Any CPU.Build.0 = Debug|Any CPU
		{A6DE323F-6804-4962-ADFE-A1725B8154FC}.Release|Any CPU.ActiveCfg = Release|Any CPU
		{A6DE323F-6804-4962-ADFE-A1725B8154FC}.Release|Any CPU.Build.0 = Release|Any CPU
		{5840902E-5409-476E-B981-3016CBDDDE2E}.Debug|Any CPU.ActiveCfg = Debug|Any CPU
		{5840902E-5409-476E-B981-3016CBDDDE2E}.Debug|Any CPU.Build.0 = Debug|Any CPU
		{5840902E-5409-476E-B981-3016CBDDDE2E}.Release|Any CPU.ActiveCfg = Release|Any CPU
		{5840902E-5409-476E-B981-3016CBDDDE2E}.Release|Any CPU.Build.0 = Release|Any CPU
		{4F8307D3-9687-4853-A2DD-B47100EE14FA}.Debug|Any CPU.ActiveCfg = Debug|Any CPU
		{4F8307D3-9687-4853-A2DD-B47100EE14FA}.Debug|Any CPU.Build.0 = Debug|Any CPU
		{4F8307D3-9687-4853-A2DD-B47100EE14FA}.Release|Any CPU.ActiveCfg = Release|Any CPU
		{4F8307D3-9687-4853-A2DD-B47100EE14FA}.Release|Any CPU.Build.0 = Release|Any CPU
		{2BD42B8F-E097-4222-BEF0-13F6B415FDEA}.Debug|Any CPU.ActiveCfg = Debug|Any CPU
		{2BD42B8F-E097-4222-BEF0-13F6B415FDEA}.Debug|Any CPU.Build.0 = Debug|Any CPU
		{2BD42B8F-E097-4222-BEF0-13F6B415FDEA}.Release|Any CPU.ActiveCfg = Release|Any CPU
		{2BD42B8F-E097-4222-BEF0-13F6B415FDEA}.Release|Any CPU.Build.0 = Release|Any CPU
		{AD08E709-B977-49CF-811F-5C8CBA35819E}.Debug|Any CPU.ActiveCfg = Debug|Any CPU
		{AD08E709-B977-49CF-811F-5C8CBA35819E}.Debug|Any CPU.Build.0 = Debug|Any CPU
		{AD08E709-B977-49CF-811F-5C8CBA35819E}.Release|Any CPU.ActiveCfg = Release|Any CPU
		{AD08E709-B977-49CF-811F-5C8CBA35819E}.Release|Any CPU.Build.0 = Release|Any CPU
		{5529BAF6-DD0E-46CE-A226-846F2B0EF897}.Debug|Any CPU.ActiveCfg = Debug|Any CPU
		{5529BAF6-DD0E-46CE-A226-846F2B0EF897}.Debug|Any CPU.Build.0 = Debug|Any CPU
		{5529BAF6-DD0E-46CE-A226-846F2B0EF897}.Release|Any CPU.ActiveCfg = Release|Any CPU
		{5529BAF6-DD0E-46CE-A226-846F2B0EF897}.Release|Any CPU.Build.0 = Release|Any CPU
		{09921E55-BE29-448D-B21B-F29B8E2CBB8E}.Debug|Any CPU.ActiveCfg = Debug|Any CPU
		{09921E55-BE29-448D-B21B-F29B8E2CBB8E}.Debug|Any CPU.Build.0 = Debug|Any CPU
		{09921E55-BE29-448D-B21B-F29B8E2CBB8E}.Release|Any CPU.ActiveCfg = Release|Any CPU
		{09921E55-BE29-448D-B21B-F29B8E2CBB8E}.Release|Any CPU.Build.0 = Release|Any CPU
		{3D829CF4-5601-4442-A955-F1540A3CE7FE}.Debug|Any CPU.ActiveCfg = Debug|Any CPU
		{3D829CF4-5601-4442-A955-F1540A3CE7FE}.Debug|Any CPU.Build.0 = Debug|Any CPU
		{3D829CF4-5601-4442-A955-F1540A3CE7FE}.Release|Any CPU.ActiveCfg = Release|Any CPU
		{3D829CF4-5601-4442-A955-F1540A3CE7FE}.Release|Any CPU.Build.0 = Release|Any CPU
		{1CA80FC7-EB87-4742-ABCA-21CB052943FC}.Debug|Any CPU.ActiveCfg = Debug|Any CPU
		{1CA80FC7-EB87-4742-ABCA-21CB052943FC}.Debug|Any CPU.Build.0 = Debug|Any CPU
		{1CA80FC7-EB87-4742-ABCA-21CB052943FC}.Release|Any CPU.ActiveCfg = Release|Any CPU
		{1CA80FC7-EB87-4742-ABCA-21CB052943FC}.Release|Any CPU.Build.0 = Release|Any CPU
		{FE3E6252-62CE-4AA8-A83A-56E8BE5D6B18}.Debug|Any CPU.ActiveCfg = Debug|Any CPU
		{FE3E6252-62CE-4AA8-A83A-56E8BE5D6B18}.Debug|Any CPU.Build.0 = Debug|Any CPU
		{FE3E6252-62CE-4AA8-A83A-56E8BE5D6B18}.Release|Any CPU.ActiveCfg = Release|Any CPU
		{FE3E6252-62CE-4AA8-A83A-56E8BE5D6B18}.Release|Any CPU.Build.0 = Release|Any CPU
		{92F359B9-3A75-4522-B891-D0BF85BAC33A}.Debug|Any CPU.ActiveCfg = Debug|Any CPU
		{92F359B9-3A75-4522-B891-D0BF85BAC33A}.Debug|Any CPU.Build.0 = Debug|Any CPU
		{92F359B9-3A75-4522-B891-D0BF85BAC33A}.Release|Any CPU.ActiveCfg = Release|Any CPU
		{92F359B9-3A75-4522-B891-D0BF85BAC33A}.Release|Any CPU.Build.0 = Release|Any CPU
		{1864C049-F152-4AE4-8104-8236B8BACA30}.Debug|Any CPU.ActiveCfg = Debug|Any CPU
		{1864C049-F152-4AE4-8104-8236B8BACA30}.Debug|Any CPU.Build.0 = Debug|Any CPU
		{1864C049-F152-4AE4-8104-8236B8BACA30}.Release|Any CPU.ActiveCfg = Release|Any CPU
		{1864C049-F152-4AE4-8104-8236B8BACA30}.Release|Any CPU.Build.0 = Release|Any CPU
		{E913710C-D54D-4D6F-A258-BCDF7E591CD8}.Debug|Any CPU.ActiveCfg = Debug|Any CPU
		{E913710C-D54D-4D6F-A258-BCDF7E591CD8}.Debug|Any CPU.Build.0 = Debug|Any CPU
		{E913710C-D54D-4D6F-A258-BCDF7E591CD8}.Release|Any CPU.ActiveCfg = Release|Any CPU
		{E913710C-D54D-4D6F-A258-BCDF7E591CD8}.Release|Any CPU.Build.0 = Release|Any CPU
		{C527E060-E790-49CF-BAD1-AD5A2DB2E61D}.Debug|Any CPU.ActiveCfg = Debug|Any CPU
		{C527E060-E790-49CF-BAD1-AD5A2DB2E61D}.Debug|Any CPU.Build.0 = Debug|Any CPU
		{C527E060-E790-49CF-BAD1-AD5A2DB2E61D}.Release|Any CPU.ActiveCfg = Release|Any CPU
		{C527E060-E790-49CF-BAD1-AD5A2DB2E61D}.Release|Any CPU.Build.0 = Release|Any CPU
		{F845D1D6-FCC0-492B-B6D2-DDFE4B814BB7}.Debug|Any CPU.ActiveCfg = Debug|Any CPU
		{F845D1D6-FCC0-492B-B6D2-DDFE4B814BB7}.Debug|Any CPU.Build.0 = Debug|Any CPU
		{F845D1D6-FCC0-492B-B6D2-DDFE4B814BB7}.Release|Any CPU.ActiveCfg = Release|Any CPU
		{F845D1D6-FCC0-492B-B6D2-DDFE4B814BB7}.Release|Any CPU.Build.0 = Release|Any CPU
		{37FCE30C-72EC-4D89-B9C8-E9B50713A6DF}.Debug|Any CPU.ActiveCfg = Debug|Any CPU
		{37FCE30C-72EC-4D89-B9C8-E9B50713A6DF}.Debug|Any CPU.Build.0 = Debug|Any CPU
		{37FCE30C-72EC-4D89-B9C8-E9B50713A6DF}.Release|Any CPU.ActiveCfg = Release|Any CPU
		{37FCE30C-72EC-4D89-B9C8-E9B50713A6DF}.Release|Any CPU.Build.0 = Release|Any CPU
		{016CB3B4-E5F8-49BA-9230-E82B2994105E}.Debug|Any CPU.ActiveCfg = Debug|Any CPU
		{016CB3B4-E5F8-49BA-9230-E82B2994105E}.Debug|Any CPU.Build.0 = Debug|Any CPU
		{016CB3B4-E5F8-49BA-9230-E82B2994105E}.Release|Any CPU.ActiveCfg = Release|Any CPU
		{016CB3B4-E5F8-49BA-9230-E82B2994105E}.Release|Any CPU.Build.0 = Release|Any CPU
	EndGlobalSection
	GlobalSection(SolutionProperties) = preSolution
		HideSolutionNode = FALSE
	EndGlobalSection
	GlobalSection(ExtensibilityGlobals) = postSolution
		SolutionGuid = {0D9B8BEF-ECE7-474E-BB9F-B0074F0376B4}
	EndGlobalSection
EndGlobal
